// !$*UTF8*$!
{
	archiveVersion = 1;
	classes = {
	};
	objectVersion = 55;
	objects = {

/* Begin PBXBuildFile section */
		B631BE854DB2A1795D333EA0 /* Pods_iDeaBox.framework in Frameworks */ = {isa = PBXBuildFile; fileRef = B0B5EB2F0F099B009504A66D /* Pods_iDeaBox.framework */; };
		FE41544627AD2A590001417C /* WeatherUseCase.swift in Sources */ = {isa = PBXBuildFile; fileRef = FE41544527AD2A590001417C /* WeatherUseCase.swift */; };
		FE41544A27AD2AE50001417C /* WeatherRepository.swift in Sources */ = {isa = PBXBuildFile; fileRef = FE41544927AD2AE50001417C /* WeatherRepository.swift */; };
		FE41544C27AD2AF50001417C /* GeolocationRepository.swift in Sources */ = {isa = PBXBuildFile; fileRef = FE41544B27AD2AF50001417C /* GeolocationRepository.swift */; };
		FE41544E27AD49B00001417C /* AppConfigurator.swift in Sources */ = {isa = PBXBuildFile; fileRef = FE41544D27AD49B00001417C /* AppConfigurator.swift */; };
		FE41545027AD4ACA0001417C /* MainAssembly.swift in Sources */ = {isa = PBXBuildFile; fileRef = FE41544F27AD4ACA0001417C /* MainAssembly.swift */; };
		FE41545327AD4B410001417C /* DomainAssembly.swift in Sources */ = {isa = PBXBuildFile; fileRef = FE41545227AD4B410001417C /* DomainAssembly.swift */; };
		FE41545727AD503B0001417C /* WeatherRepositoryImpl.swift in Sources */ = {isa = PBXBuildFile; fileRef = FE41545627AD503B0001417C /* WeatherRepositoryImpl.swift */; };
		FE41545927AD50630001417C /* GeolocationRepositoryImpl.swift in Sources */ = {isa = PBXBuildFile; fileRef = FE41545827AD50630001417C /* GeolocationRepositoryImpl.swift */; };
		FE41545B27AD508E0001417C /* DataAssembly.swift in Sources */ = {isa = PBXBuildFile; fileRef = FE41545A27AD508E0001417C /* DataAssembly.swift */; };
		FE41545F27AD58FE0001417C /* SettingsViewController.xib in Resources */ = {isa = PBXBuildFile; fileRef = FE41545E27AD58FE0001417C /* SettingsViewController.xib */; };
		FE41546327AD59FD0001417C /* MainViewController.xib in Resources */ = {isa = PBXBuildFile; fileRef = FE41546227AD59FD0001417C /* MainViewController.xib */; };
		FEE0C92627ADBE4C00E3361E /* Errors.swift in Sources */ = {isa = PBXBuildFile; fileRef = FEE0C92527ADBE4C00E3361E /* Errors.swift */; };
		FEE0C92927ADC12300E3361E /* WeatherModel.swift in Sources */ = {isa = PBXBuildFile; fileRef = FEE0C92827ADC12300E3361E /* WeatherModel.swift */; };
		FEE0C92C27ADC1DC00E3361E /* WeatherAPI.swift in Sources */ = {isa = PBXBuildFile; fileRef = FEE0C92B27ADC1DC00E3361E /* WeatherAPI.swift */; };
		FEE0C92E27ADC27D00E3361E /* Constants.swift in Sources */ = {isa = PBXBuildFile; fileRef = FEE0C92D27ADC27D00E3361E /* Constants.swift */; };
		FEF5047D27A94C39005A96B6 /* AppDelegate.swift in Sources */ = {isa = PBXBuildFile; fileRef = FEF5047C27A94C39005A96B6 /* AppDelegate.swift */; };
		FEF5048127A94C39005A96B6 /* MainViewController.swift in Sources */ = {isa = PBXBuildFile; fileRef = FEF5048027A94C39005A96B6 /* MainViewController.swift */; };
		FEF5048627A94C3B005A96B6 /* Assets.xcassets in Resources */ = {isa = PBXBuildFile; fileRef = FEF5048527A94C3B005A96B6 /* Assets.xcassets */; };
		FEF5048927A94C3B005A96B6 /* LaunchScreen.storyboard in Resources */ = {isa = PBXBuildFile; fileRef = FEF5048727A94C3B005A96B6 /* LaunchScreen.storyboard */; };
		FEF504B227A96D20005A96B6 /* R.generated.swift in Sources */ = {isa = PBXBuildFile; fileRef = FEF504B127A96D20005A96B6 /* R.generated.swift */; };
		FEF504B427A98CA3005A96B6 /* Coordinator.swift in Sources */ = {isa = PBXBuildFile; fileRef = FEF504B327A98CA3005A96B6 /* Coordinator.swift */; };
		FEF504B627A98D38005A96B6 /* AppCoordinator.swift in Sources */ = {isa = PBXBuildFile; fileRef = FEF504B527A98D38005A96B6 /* AppCoordinator.swift */; };
		FEF504B827A98ED6005A96B6 /* TabBarCoordinator.swift in Sources */ = {isa = PBXBuildFile; fileRef = FEF504B727A98ED6005A96B6 /* TabBarCoordinator.swift */; };
		FEF504BC27A98F68005A96B6 /* TabBarController.swift in Sources */ = {isa = PBXBuildFile; fileRef = FEF504BB27A98F68005A96B6 /* TabBarController.swift */; };
		FEF504BE27A99040005A96B6 /* SettingsViewController.swift in Sources */ = {isa = PBXBuildFile; fileRef = FEF504BD27A99040005A96B6 /* SettingsViewController.swift */; };
		FEF504C327A990B7005A96B6 /* MainCoordinator.swift in Sources */ = {isa = PBXBuildFile; fileRef = FEF504C227A990B7005A96B6 /* MainCoordinator.swift */; };
		FEF504C527A990DF005A96B6 /* SettingsCoordinator.swift in Sources */ = {isa = PBXBuildFile; fileRef = FEF504C427A990DF005A96B6 /* SettingsCoordinator.swift */; };
		FEF504C727A99484005A96B6 /* BaseNavigationController.swift in Sources */ = {isa = PBXBuildFile; fileRef = FEF504C627A99484005A96B6 /* BaseNavigationController.swift */; };
		FEF504CF27AAA401005A96B6 /* Lacalizable.strings in Resources */ = {isa = PBXBuildFile; fileRef = FEF504D127AAA401005A96B6 /* Lacalizable.strings */; };
		FEF504D527AAAE23005A96B6 /* BaseViewModel.swift in Sources */ = {isa = PBXBuildFile; fileRef = FEF504D427AAAE23005A96B6 /* BaseViewModel.swift */; };
		FEF504D827AAAE91005A96B6 /* BaseViewController.swift in Sources */ = {isa = PBXBuildFile; fileRef = FEF504D727AAAE91005A96B6 /* BaseViewController.swift */; };
		FEF504DE27AAB0C7005A96B6 /* MainViewModel.swift in Sources */ = {isa = PBXBuildFile; fileRef = FEF504DD27AAB0C7005A96B6 /* MainViewModel.swift */; };
/* End PBXBuildFile section */

/* Begin PBXFileReference section */
		285ABE22F297F929D5BE7F26 /* Pods-iDeaBox.debug.xcconfig */ = {isa = PBXFileReference; includeInIndex = 1; lastKnownFileType = text.xcconfig; name = "Pods-iDeaBox.debug.xcconfig"; path = "Target Support Files/Pods-iDeaBox/Pods-iDeaBox.debug.xcconfig"; sourceTree = "<group>"; };
		B0B5EB2F0F099B009504A66D /* Pods_iDeaBox.framework */ = {isa = PBXFileReference; explicitFileType = wrapper.framework; includeInIndex = 0; path = Pods_iDeaBox.framework; sourceTree = BUILT_PRODUCTS_DIR; };
		CC6BE01EB44A67577777611A /* Pods-iDeaBox.release.xcconfig */ = {isa = PBXFileReference; includeInIndex = 1; lastKnownFileType = text.xcconfig; name = "Pods-iDeaBox.release.xcconfig"; path = "Target Support Files/Pods-iDeaBox/Pods-iDeaBox.release.xcconfig"; sourceTree = "<group>"; };
		FE41544527AD2A590001417C /* WeatherUseCase.swift */ = {isa = PBXFileReference; lastKnownFileType = sourcecode.swift; path = WeatherUseCase.swift; sourceTree = "<group>"; };
		FE41544927AD2AE50001417C /* WeatherRepository.swift */ = {isa = PBXFileReference; lastKnownFileType = sourcecode.swift; path = WeatherRepository.swift; sourceTree = "<group>"; };
		FE41544B27AD2AF50001417C /* GeolocationRepository.swift */ = {isa = PBXFileReference; lastKnownFileType = sourcecode.swift; path = GeolocationRepository.swift; sourceTree = "<group>"; };
		FE41544D27AD49B00001417C /* AppConfigurator.swift */ = {isa = PBXFileReference; lastKnownFileType = sourcecode.swift; path = AppConfigurator.swift; sourceTree = "<group>"; };
		FE41544F27AD4ACA0001417C /* MainAssembly.swift */ = {isa = PBXFileReference; lastKnownFileType = sourcecode.swift; path = MainAssembly.swift; sourceTree = "<group>"; };
		FE41545227AD4B410001417C /* DomainAssembly.swift */ = {isa = PBXFileReference; lastKnownFileType = sourcecode.swift; path = DomainAssembly.swift; sourceTree = "<group>"; };
		FE41545627AD503B0001417C /* WeatherRepositoryImpl.swift */ = {isa = PBXFileReference; lastKnownFileType = sourcecode.swift; path = WeatherRepositoryImpl.swift; sourceTree = "<group>"; };
		FE41545827AD50630001417C /* GeolocationRepositoryImpl.swift */ = {isa = PBXFileReference; lastKnownFileType = sourcecode.swift; path = GeolocationRepositoryImpl.swift; sourceTree = "<group>"; };
		FE41545A27AD508E0001417C /* DataAssembly.swift */ = {isa = PBXFileReference; lastKnownFileType = sourcecode.swift; path = DataAssembly.swift; sourceTree = "<group>"; };
		FE41545E27AD58FE0001417C /* SettingsViewController.xib */ = {isa = PBXFileReference; lastKnownFileType = file.xib; path = SettingsViewController.xib; sourceTree = "<group>"; };
		FE41546227AD59FD0001417C /* MainViewController.xib */ = {isa = PBXFileReference; lastKnownFileType = file.xib; path = MainViewController.xib; sourceTree = "<group>"; };
		FEE0C92527ADBE4C00E3361E /* Errors.swift */ = {isa = PBXFileReference; lastKnownFileType = sourcecode.swift; path = Errors.swift; sourceTree = "<group>"; };
		FEE0C92827ADC12300E3361E /* WeatherModel.swift */ = {isa = PBXFileReference; lastKnownFileType = sourcecode.swift; path = WeatherModel.swift; sourceTree = "<group>"; };
		FEE0C92B27ADC1DC00E3361E /* WeatherAPI.swift */ = {isa = PBXFileReference; lastKnownFileType = sourcecode.swift; path = WeatherAPI.swift; sourceTree = "<group>"; };
		FEE0C92D27ADC27D00E3361E /* Constants.swift */ = {isa = PBXFileReference; lastKnownFileType = sourcecode.swift; path = Constants.swift; sourceTree = "<group>"; };
		FEF5047927A94C39005A96B6 /* iDeaBox.app */ = {isa = PBXFileReference; explicitFileType = wrapper.application; includeInIndex = 0; path = iDeaBox.app; sourceTree = BUILT_PRODUCTS_DIR; };
		FEF5047C27A94C39005A96B6 /* AppDelegate.swift */ = {isa = PBXFileReference; lastKnownFileType = sourcecode.swift; path = AppDelegate.swift; sourceTree = "<group>"; };
		FEF5048027A94C39005A96B6 /* MainViewController.swift */ = {isa = PBXFileReference; lastKnownFileType = sourcecode.swift; path = MainViewController.swift; sourceTree = "<group>"; };
		FEF5048527A94C3B005A96B6 /* Assets.xcassets */ = {isa = PBXFileReference; lastKnownFileType = folder.assetcatalog; path = Assets.xcassets; sourceTree = "<group>"; };
		FEF5048827A94C3B005A96B6 /* Base */ = {isa = PBXFileReference; lastKnownFileType = file.storyboard; name = Base; path = Base.lproj/LaunchScreen.storyboard; sourceTree = "<group>"; };
		FEF5048A27A94C3B005A96B6 /* Info.plist */ = {isa = PBXFileReference; lastKnownFileType = text.plist.xml; path = Info.plist; sourceTree = "<group>"; };
		FEF504B127A96D20005A96B6 /* R.generated.swift */ = {isa = PBXFileReference; fileEncoding = 4; lastKnownFileType = sourcecode.swift; path = R.generated.swift; sourceTree = SOURCE_ROOT; };
		FEF504B327A98CA3005A96B6 /* Coordinator.swift */ = {isa = PBXFileReference; lastKnownFileType = sourcecode.swift; path = Coordinator.swift; sourceTree = "<group>"; };
		FEF504B527A98D38005A96B6 /* AppCoordinator.swift */ = {isa = PBXFileReference; lastKnownFileType = sourcecode.swift; path = AppCoordinator.swift; sourceTree = "<group>"; };
		FEF504B727A98ED6005A96B6 /* TabBarCoordinator.swift */ = {isa = PBXFileReference; lastKnownFileType = sourcecode.swift; path = TabBarCoordinator.swift; sourceTree = "<group>"; };
		FEF504BB27A98F68005A96B6 /* TabBarController.swift */ = {isa = PBXFileReference; lastKnownFileType = sourcecode.swift; path = TabBarController.swift; sourceTree = "<group>"; };
		FEF504BD27A99040005A96B6 /* SettingsViewController.swift */ = {isa = PBXFileReference; lastKnownFileType = sourcecode.swift; path = SettingsViewController.swift; sourceTree = "<group>"; };
		FEF504C227A990B7005A96B6 /* MainCoordinator.swift */ = {isa = PBXFileReference; lastKnownFileType = sourcecode.swift; path = MainCoordinator.swift; sourceTree = "<group>"; };
		FEF504C427A990DF005A96B6 /* SettingsCoordinator.swift */ = {isa = PBXFileReference; lastKnownFileType = sourcecode.swift; path = SettingsCoordinator.swift; sourceTree = "<group>"; };
		FEF504C627A99484005A96B6 /* BaseNavigationController.swift */ = {isa = PBXFileReference; lastKnownFileType = sourcecode.swift; path = BaseNavigationController.swift; sourceTree = "<group>"; };
		FEF504D027AAA401005A96B6 /* en */ = {isa = PBXFileReference; lastKnownFileType = text.plist.strings; name = en; path = en.lproj/Lacalizable.strings; sourceTree = "<group>"; };
		FEF504D427AAAE23005A96B6 /* BaseViewModel.swift */ = {isa = PBXFileReference; lastKnownFileType = sourcecode.swift; path = BaseViewModel.swift; sourceTree = "<group>"; };
		FEF504D727AAAE91005A96B6 /* BaseViewController.swift */ = {isa = PBXFileReference; lastKnownFileType = sourcecode.swift; path = BaseViewController.swift; sourceTree = "<group>"; };
		FEF504DD27AAB0C7005A96B6 /* MainViewModel.swift */ = {isa = PBXFileReference; lastKnownFileType = sourcecode.swift; path = MainViewModel.swift; sourceTree = "<group>"; };
/* End PBXFileReference section */

/* Begin PBXFrameworksBuildPhase section */
		FEF5047627A94C39005A96B6 /* Frameworks */ = {
			isa = PBXFrameworksBuildPhase;
			buildActionMask = 2147483647;
			files = (
				B631BE854DB2A1795D333EA0 /* Pods_iDeaBox.framework in Frameworks */,
			);
			runOnlyForDeploymentPostprocessing = 0;
		};
/* End PBXFrameworksBuildPhase section */

/* Begin PBXGroup section */
		3C77D65AD7A658C5D30138D1 /* Pods */ = {
			isa = PBXGroup;
			children = (
				285ABE22F297F929D5BE7F26 /* Pods-iDeaBox.debug.xcconfig */,
				CC6BE01EB44A67577777611A /* Pods-iDeaBox.release.xcconfig */,
			);
			path = Pods;
			sourceTree = "<group>";
		};
		F78A0880AA6B04F49D3B7870 /* Frameworks */ = {
			isa = PBXGroup;
			children = (
				B0B5EB2F0F099B009504A66D /* Pods_iDeaBox.framework */,
			);
			name = Frameworks;
			sourceTree = "<group>";
		};
		FE41544427AD2A320001417C /* UseCase */ = {
			isa = PBXGroup;
			children = (
				FE41544527AD2A590001417C /* WeatherUseCase.swift */,
			);
			path = UseCase;
			sourceTree = "<group>";
		};
		FE41544827AD2ACD0001417C /* Repositories */ = {
			isa = PBXGroup;
			children = (
				FE41544927AD2AE50001417C /* WeatherRepository.swift */,
				FE41544B27AD2AF50001417C /* GeolocationRepository.swift */,
			);
			path = Repositories;
			sourceTree = "<group>";
		};
		FE41545127AD4B310001417C /* DI */ = {
			isa = PBXGroup;
			children = (
				FE41545227AD4B410001417C /* DomainAssembly.swift */,
			);
			path = DI;
			sourceTree = "<group>";
		};
		FE41545427AD501E0001417C /* DI */ = {
			isa = PBXGroup;
			children = (
				FE41545A27AD508E0001417C /* DataAssembly.swift */,
			);
			path = DI;
			sourceTree = "<group>";
		};
		FE41545527AD50240001417C /* Repositories */ = {
			isa = PBXGroup;
			children = (
				FE41545627AD503B0001417C /* WeatherRepositoryImpl.swift */,
				FE41545827AD50630001417C /* GeolocationRepositoryImpl.swift */,
			);
			path = Repositories;
			sourceTree = "<group>";
		};
		FE41546427AD632A0001417C /* Network */ = {
			isa = PBXGroup;
			children = (
				FEE0C92A27ADC1CF00E3361E /* Weather */,
			);
			path = Network;
			sourceTree = "<group>";
		};
		FEE0C92427ADBE3700E3361E /* Errors */ = {
			isa = PBXGroup;
			children = (
				FEE0C92527ADBE4C00E3361E /* Errors.swift */,
			);
			path = Errors;
			sourceTree = "<group>";
		};
		FEE0C92727ADC0B400E3361E /* Entities */ = {
			isa = PBXGroup;
			children = (
				FEE0C92827ADC12300E3361E /* WeatherModel.swift */,
			);
			path = Entities;
			sourceTree = "<group>";
		};
		FEE0C92A27ADC1CF00E3361E /* Weather */ = {
			isa = PBXGroup;
			children = (
				FEE0C92B27ADC1DC00E3361E /* WeatherAPI.swift */,
			);
			path = Weather;
			sourceTree = "<group>";
		};
		FEF5047027A94C39005A96B6 = {
			isa = PBXGroup;
			children = (
				FEF5047B27A94C39005A96B6 /* iDeaBox */,
				FEF5047A27A94C39005A96B6 /* Products */,
				3C77D65AD7A658C5D30138D1 /* Pods */,
				F78A0880AA6B04F49D3B7870 /* Frameworks */,
			);
			sourceTree = "<group>";
		};
		FEF5047A27A94C39005A96B6 /* Products */ = {
			isa = PBXGroup;
			children = (
				FEF5047927A94C39005A96B6 /* iDeaBox.app */,
			);
			name = Products;
			sourceTree = "<group>";
		};
		FEF5047B27A94C39005A96B6 /* iDeaBox */ = {
			isa = PBXGroup;
			children = (
				FEF504A827A96BDA005A96B6 /* Application */,
				FEF504A927A96BEE005A96B6 /* Data */,
				FEF504AA27A96BF6005A96B6 /* Domain */,
				FEF504AB27A96C00005A96B6 /* Presentation */,
				FEF504AC27A96C09005A96B6 /* Resources */,
				FEF504A527A96A36005A96B6 /* Supporting files */,
			);
			path = iDeaBox;
			sourceTree = "<group>";
		};
		FEF504A527A96A36005A96B6 /* Supporting files */ = {
			isa = PBXGroup;
			children = (
				FEF504B127A96D20005A96B6 /* R.generated.swift */,
			);
			path = "Supporting files";
			sourceTree = "<group>";
		};
		FEF504A827A96BDA005A96B6 /* Application */ = {
			isa = PBXGroup;
			children = (
				FEF5047C27A94C39005A96B6 /* AppDelegate.swift */,
				FE41544D27AD49B00001417C /* AppConfigurator.swift */,
				FEE0C92D27ADC27D00E3361E /* Constants.swift */,
			);
			path = Application;
			sourceTree = "<group>";
		};
		FEF504A927A96BEE005A96B6 /* Data */ = {
			isa = PBXGroup;
			children = (
				FEE0C92727ADC0B400E3361E /* Entities */,
				FEE0C92427ADBE3700E3361E /* Errors */,
				FE41545427AD501E0001417C /* DI */,
				FE41546427AD632A0001417C /* Network */,
				FE41545527AD50240001417C /* Repositories */,
			);
			path = Data;
			sourceTree = "<group>";
		};
		FEF504AA27A96BF6005A96B6 /* Domain */ = {
			isa = PBXGroup;
			children = (
				FE41545127AD4B310001417C /* DI */,
				FE41544827AD2ACD0001417C /* Repositories */,
				FE41544427AD2A320001417C /* UseCase */,
			);
			path = Domain;
			sourceTree = "<group>";
		};
		FEF504AB27A96C00005A96B6 /* Presentation */ = {
			isa = PBXGroup;
			children = (
				FEF504B927A98F3C005A96B6 /* Shared */,
				FEF504AE27A96C4D005A96B6 /* Modules */,
				FEF504AD27A96C45005A96B6 /* Coordinators */,
			);
			path = Presentation;
			sourceTree = "<group>";
		};
		FEF504AC27A96C09005A96B6 /* Resources */ = {
			isa = PBXGroup;
			children = (
				FEF5048A27A94C3B005A96B6 /* Info.plist */,
				FEF5048527A94C3B005A96B6 /* Assets.xcassets */,
				FEF504D127AAA401005A96B6 /* Lacalizable.strings */,
			);
			path = Resources;
			sourceTree = "<group>";
		};
		FEF504AD27A96C45005A96B6 /* Coordinators */ = {
			isa = PBXGroup;
			children = (
				FEF504B327A98CA3005A96B6 /* Coordinator.swift */,
				FEF504B527A98D38005A96B6 /* AppCoordinator.swift */,
				FEF504B727A98ED6005A96B6 /* TabBarCoordinator.swift */,
				FEF504C227A990B7005A96B6 /* MainCoordinator.swift */,
				FEF504C427A990DF005A96B6 /* SettingsCoordinator.swift */,
			);
			path = Coordinators;
			sourceTree = "<group>";
		};
		FEF504AE27A96C4D005A96B6 /* Modules */ = {
			isa = PBXGroup;
			children = (
				FEF504D227AAAE06005A96B6 /* Base */,
				FEF504B027A96C8F005A96B6 /* Launch */,
				FEF504AF27A96C54005A96B6 /* Main */,
				FEF504C127A99059005A96B6 /* Settings */,
			);
			path = Modules;
			sourceTree = "<group>";
		};
		FEF504AF27A96C54005A96B6 /* Main */ = {
			isa = PBXGroup;
			children = (
				FEF504DC27AAB0B2005A96B6 /* DI */,
				FEF504DB27AAB0AC005A96B6 /* ViewModel */,
				FEF504DA27AAB0A7005A96B6 /* Views */,
				FEF504D927AAB0A0005A96B6 /* Controllers */,
			);
			path = Main;
			sourceTree = "<group>";
		};
		FEF504B027A96C8F005A96B6 /* Launch */ = {
			isa = PBXGroup;
			children = (
				FEF5048727A94C3B005A96B6 /* LaunchScreen.storyboard */,
			);
			path = Launch;
			sourceTree = "<group>";
		};
		FEF504B927A98F3C005A96B6 /* Shared */ = {
			isa = PBXGroup;
			children = (
				FEF504BA27A98F43005A96B6 /* Controllers */,
			);
			path = Shared;
			sourceTree = "<group>";
		};
		FEF504BA27A98F43005A96B6 /* Controllers */ = {
			isa = PBXGroup;
			children = (
				FEF504BB27A98F68005A96B6 /* TabBarController.swift */,
				FEF504C627A99484005A96B6 /* BaseNavigationController.swift */,
			);
			path = Controllers;
			sourceTree = "<group>";
		};
		FEF504C127A99059005A96B6 /* Settings */ = {
			isa = PBXGroup;
			children = (
				FEF504BD27A99040005A96B6 /* SettingsViewController.swift */,
				FE41545E27AD58FE0001417C /* SettingsViewController.xib */,
			);
			path = Settings;
			sourceTree = "<group>";
		};
		FEF504D227AAAE06005A96B6 /* Base */ = {
			isa = PBXGroup;
			children = (
				FEF504D627AAAE6B005A96B6 /* Controllers */,
				FEF504D327AAAE15005A96B6 /* ViewModels */,
			);
			path = Base;
			sourceTree = "<group>";
		};
		FEF504D327AAAE15005A96B6 /* ViewModels */ = {
			isa = PBXGroup;
			children = (
				FEF504D427AAAE23005A96B6 /* BaseViewModel.swift */,
			);
			path = ViewModels;
			sourceTree = "<group>";
		};
		FEF504D627AAAE6B005A96B6 /* Controllers */ = {
			isa = PBXGroup;
			children = (
				FEF504D727AAAE91005A96B6 /* BaseViewController.swift */,
			);
			path = Controllers;
			sourceTree = "<group>";
		};
		FEF504D927AAB0A0005A96B6 /* Controllers */ = {
			isa = PBXGroup;
			children = (
				FEF5048027A94C39005A96B6 /* MainViewController.swift */,
			);
			path = Controllers;
			sourceTree = "<group>";
		};
		FEF504DA27AAB0A7005A96B6 /* Views */ = {
			isa = PBXGroup;
			children = (
				FE41546227AD59FD0001417C /* MainViewController.xib */,
			);
			path = Views;
			sourceTree = "<group>";
		};
		FEF504DB27AAB0AC005A96B6 /* ViewModel */ = {
			isa = PBXGroup;
			children = (
				FEF504DD27AAB0C7005A96B6 /* MainViewModel.swift */,
			);
			path = ViewModel;
			sourceTree = "<group>";
		};
		FEF504DC27AAB0B2005A96B6 /* DI */ = {
			isa = PBXGroup;
			children = (
				FE41544F27AD4ACA0001417C /* MainAssembly.swift */,
			);
			path = DI;
			sourceTree = "<group>";
		};
/* End PBXGroup section */

/* Begin PBXNativeTarget section */
		FEF5047827A94C39005A96B6 /* iDeaBox */ = {
			isa = PBXNativeTarget;
			buildConfigurationList = FEF5048D27A94C3B005A96B6 /* Build configuration list for PBXNativeTarget "iDeaBox" */;
			buildPhases = (
				8B62F6B01A6C327346C31F17 /* [CP] Check Pods Manifest.lock */,
				FEF504A427A969FC005A96B6 /* ShellScript */,
				FEF5047527A94C39005A96B6 /* Sources */,
				FEF5047627A94C39005A96B6 /* Frameworks */,
				FEF5047727A94C39005A96B6 /* Resources */,
				DDBCC7552F2CF654E0FC51BA /* [CP] Embed Pods Frameworks */,
			);
			buildRules = (
			);
			dependencies = (
			);
			name = iDeaBox;
			productName = iDeaBox;
			productReference = FEF5047927A94C39005A96B6 /* iDeaBox.app */;
			productType = "com.apple.product-type.application";
		};
/* End PBXNativeTarget section */

/* Begin PBXProject section */
		FEF5047127A94C39005A96B6 /* Project object */ = {
			isa = PBXProject;
			attributes = {
				BuildIndependentTargetsInParallel = 1;
				LastSwiftUpdateCheck = 1320;
				LastUpgradeCheck = 1320;
				TargetAttributes = {
					FEF5047827A94C39005A96B6 = {
						CreatedOnToolsVersion = 13.2;
					};
				};
			};
			buildConfigurationList = FEF5047427A94C39005A96B6 /* Build configuration list for PBXProject "iDeaBox" */;
			compatibilityVersion = "Xcode 13.0";
			developmentRegion = en;
			hasScannedForEncodings = 0;
			knownRegions = (
				en,
				Base,
			);
			mainGroup = FEF5047027A94C39005A96B6;
			productRefGroup = FEF5047A27A94C39005A96B6 /* Products */;
			projectDirPath = "";
			projectRoot = "";
			targets = (
				FEF5047827A94C39005A96B6 /* iDeaBox */,
			);
		};
/* End PBXProject section */

/* Begin PBXResourcesBuildPhase section */
		FEF5047727A94C39005A96B6 /* Resources */ = {
			isa = PBXResourcesBuildPhase;
			buildActionMask = 2147483647;
			files = (
				FEF5048927A94C3B005A96B6 /* LaunchScreen.storyboard in Resources */,
				FEF504CF27AAA401005A96B6 /* Lacalizable.strings in Resources */,
				FE41546327AD59FD0001417C /* MainViewController.xib in Resources */,
				FEF5048627A94C3B005A96B6 /* Assets.xcassets in Resources */,
				FE41545F27AD58FE0001417C /* SettingsViewController.xib in Resources */,
			);
			runOnlyForDeploymentPostprocessing = 0;
		};
/* End PBXResourcesBuildPhase section */

/* Begin PBXShellScriptBuildPhase section */
		8B62F6B01A6C327346C31F17 /* [CP] Check Pods Manifest.lock */ = {
			isa = PBXShellScriptBuildPhase;
			buildActionMask = 2147483647;
			files = (
			);
			inputFileListPaths = (
			);
			inputPaths = (
				"${PODS_PODFILE_DIR_PATH}/Podfile.lock",
				"${PODS_ROOT}/Manifest.lock",
			);
			name = "[CP] Check Pods Manifest.lock";
			outputFileListPaths = (
			);
			outputPaths = (
				"$(DERIVED_FILE_DIR)/Pods-iDeaBox-checkManifestLockResult.txt",
			);
			runOnlyForDeploymentPostprocessing = 0;
			shellPath = /bin/sh;
			shellScript = "diff \"${PODS_PODFILE_DIR_PATH}/Podfile.lock\" \"${PODS_ROOT}/Manifest.lock\" > /dev/null\nif [ $? != 0 ] ; then\n    # print error to STDERR\n    echo \"error: The sandbox is not in sync with the Podfile.lock. Run 'pod install' or update your CocoaPods installation.\" >&2\n    exit 1\nfi\n# This output is used by Xcode 'outputs' to avoid re-running this script phase.\necho \"SUCCESS\" > \"${SCRIPT_OUTPUT_FILE_0}\"\n";
			showEnvVarsInLog = 0;
		};
		DDBCC7552F2CF654E0FC51BA /* [CP] Embed Pods Frameworks */ = {
			isa = PBXShellScriptBuildPhase;
			buildActionMask = 2147483647;
			files = (
			);
			inputFileListPaths = (
				"${PODS_ROOT}/Target Support Files/Pods-iDeaBox/Pods-iDeaBox-frameworks-${CONFIGURATION}-input-files.xcfilelist",
			);
			name = "[CP] Embed Pods Frameworks";
			outputFileListPaths = (
				"${PODS_ROOT}/Target Support Files/Pods-iDeaBox/Pods-iDeaBox-frameworks-${CONFIGURATION}-output-files.xcfilelist",
			);
			runOnlyForDeploymentPostprocessing = 0;
			shellPath = /bin/sh;
			shellScript = "\"${PODS_ROOT}/Target Support Files/Pods-iDeaBox/Pods-iDeaBox-frameworks.sh\"\n";
			showEnvVarsInLog = 0;
		};
		FEF504A427A969FC005A96B6 /* ShellScript */ = {
			isa = PBXShellScriptBuildPhase;
			alwaysOutOfDate = 1;
			buildActionMask = 2147483647;
			files = (
			);
			inputFileListPaths = (
			);
			inputPaths = (
			);
			outputFileListPaths = (
			);
			outputPaths = (
				$SRCROOT/R.generated.swift,
			);
			runOnlyForDeploymentPostprocessing = 0;
			shellPath = /bin/sh;
			shellScript = "\"$PODS_ROOT/R.swift/rswift\" generate \"$SRCROOT/R.generated.swift\"\n";
		};
/* End PBXShellScriptBuildPhase section */

/* Begin PBXSourcesBuildPhase section */
		FEF5047527A94C39005A96B6 /* Sources */ = {
			isa = PBXSourcesBuildPhase;
			buildActionMask = 2147483647;
			files = (
				FEE0C92927ADC12300E3361E /* WeatherModel.swift in Sources */,
				FEF504D827AAAE91005A96B6 /* BaseViewController.swift in Sources */,
				FEF504B427A98CA3005A96B6 /* Coordinator.swift in Sources */,
				FE41544E27AD49B00001417C /* AppConfigurator.swift in Sources */,
				FE41545927AD50630001417C /* GeolocationRepositoryImpl.swift in Sources */,
				FEE0C92627ADBE4C00E3361E /* Errors.swift in Sources */,
				FE41544A27AD2AE50001417C /* WeatherRepository.swift in Sources */,
				FEF5048127A94C39005A96B6 /* MainViewController.swift in Sources */,
				FEF504B827A98ED6005A96B6 /* TabBarCoordinator.swift in Sources */,
				FEF504B627A98D38005A96B6 /* AppCoordinator.swift in Sources */,
				FE41545727AD503B0001417C /* WeatherRepositoryImpl.swift in Sources */,
				FEF504BC27A98F68005A96B6 /* TabBarController.swift in Sources */,
				FEF504D527AAAE23005A96B6 /* BaseViewModel.swift in Sources */,
				FEF504DE27AAB0C7005A96B6 /* MainViewModel.swift in Sources */,
				FEF504C527A990DF005A96B6 /* SettingsCoordinator.swift in Sources */,
				FEF5047D27A94C39005A96B6 /* AppDelegate.swift in Sources */,
				FEF504C727A99484005A96B6 /* BaseNavigationController.swift in Sources */,
				FE41545B27AD508E0001417C /* DataAssembly.swift in Sources */,
				FEF504B227A96D20005A96B6 /* R.generated.swift in Sources */,
				FE41545027AD4ACA0001417C /* MainAssembly.swift in Sources */,
				FEF504C327A990B7005A96B6 /* MainCoordinator.swift in Sources */,
				FE41544C27AD2AF50001417C /* GeolocationRepository.swift in Sources */,
				FEF504BE27A99040005A96B6 /* SettingsViewController.swift in Sources */,
				FEE0C92C27ADC1DC00E3361E /* WeatherAPI.swift in Sources */,
				FE41544627AD2A590001417C /* WeatherUseCase.swift in Sources */,
				FE41545327AD4B410001417C /* DomainAssembly.swift in Sources */,
				FEE0C92E27ADC27D00E3361E /* Constants.swift in Sources */,
			);
			runOnlyForDeploymentPostprocessing = 0;
		};
/* End PBXSourcesBuildPhase section */

/* Begin PBXVariantGroup section */
		FEF5048727A94C3B005A96B6 /* LaunchScreen.storyboard */ = {
			isa = PBXVariantGroup;
			children = (
				FEF5048827A94C3B005A96B6 /* Base */,
			);
			name = LaunchScreen.storyboard;
			sourceTree = "<group>";
		};
		FEF504D127AAA401005A96B6 /* Lacalizable.strings */ = {
			isa = PBXVariantGroup;
			children = (
				FEF504D027AAA401005A96B6 /* en */,
			);
			name = Lacalizable.strings;
			sourceTree = "<group>";
		};
/* End PBXVariantGroup section */

/* Begin XCBuildConfiguration section */
		FEF5048B27A94C3B005A96B6 /* Debug */ = {
			isa = XCBuildConfiguration;
			buildSettings = {
				ALWAYS_SEARCH_USER_PATHS = NO;
				CLANG_ANALYZER_NONNULL = YES;
				CLANG_ANALYZER_NUMBER_OBJECT_CONVERSION = YES_AGGRESSIVE;
				CLANG_CXX_LANGUAGE_STANDARD = "gnu++17";
				CLANG_CXX_LIBRARY = "libc++";
				CLANG_ENABLE_MODULES = YES;
				CLANG_ENABLE_OBJC_ARC = YES;
				CLANG_ENABLE_OBJC_WEAK = YES;
				CLANG_WARN_BLOCK_CAPTURE_AUTORELEASING = YES;
				CLANG_WARN_BOOL_CONVERSION = YES;
				CLANG_WARN_COMMA = YES;
				CLANG_WARN_CONSTANT_CONVERSION = YES;
				CLANG_WARN_DEPRECATED_OBJC_IMPLEMENTATIONS = YES;
				CLANG_WARN_DIRECT_OBJC_ISA_USAGE = YES_ERROR;
				CLANG_WARN_DOCUMENTATION_COMMENTS = YES;
				CLANG_WARN_EMPTY_BODY = YES;
				CLANG_WARN_ENUM_CONVERSION = YES;
				CLANG_WARN_INFINITE_RECURSION = YES;
				CLANG_WARN_INT_CONVERSION = YES;
				CLANG_WARN_NON_LITERAL_NULL_CONVERSION = YES;
				CLANG_WARN_OBJC_IMPLICIT_RETAIN_SELF = YES;
				CLANG_WARN_OBJC_LITERAL_CONVERSION = YES;
				CLANG_WARN_OBJC_ROOT_CLASS = YES_ERROR;
				CLANG_WARN_QUOTED_INCLUDE_IN_FRAMEWORK_HEADER = YES;
				CLANG_WARN_RANGE_LOOP_ANALYSIS = YES;
				CLANG_WARN_STRICT_PROTOTYPES = YES;
				CLANG_WARN_SUSPICIOUS_MOVE = YES;
				CLANG_WARN_UNGUARDED_AVAILABILITY = YES_AGGRESSIVE;
				CLANG_WARN_UNREACHABLE_CODE = YES;
				CLANG_WARN__DUPLICATE_METHOD_MATCH = YES;
				COPY_PHASE_STRIP = NO;
				DEBUG_INFORMATION_FORMAT = dwarf;
				ENABLE_STRICT_OBJC_MSGSEND = YES;
				ENABLE_TESTABILITY = YES;
				GCC_C_LANGUAGE_STANDARD = gnu11;
				GCC_DYNAMIC_NO_PIC = NO;
				GCC_NO_COMMON_BLOCKS = YES;
				GCC_OPTIMIZATION_LEVEL = 0;
				GCC_PREPROCESSOR_DEFINITIONS = (
					"DEBUG=1",
					"$(inherited)",
				);
				GCC_WARN_64_TO_32_BIT_CONVERSION = YES;
				GCC_WARN_ABOUT_RETURN_TYPE = YES_ERROR;
				GCC_WARN_UNDECLARED_SELECTOR = YES;
				GCC_WARN_UNINITIALIZED_AUTOS = YES_AGGRESSIVE;
				GCC_WARN_UNUSED_FUNCTION = YES;
				GCC_WARN_UNUSED_VARIABLE = YES;
				IPHONEOS_DEPLOYMENT_TARGET = 13.0;
				MTL_ENABLE_DEBUG_INFO = INCLUDE_SOURCE;
				MTL_FAST_MATH = YES;
				ONLY_ACTIVE_ARCH = YES;
				SDKROOT = iphoneos;
				SWIFT_ACTIVE_COMPILATION_CONDITIONS = DEBUG;
				SWIFT_OPTIMIZATION_LEVEL = "-Onone";
			};
			name = Debug;
		};
		FEF5048C27A94C3B005A96B6 /* Release */ = {
			isa = XCBuildConfiguration;
			buildSettings = {
				ALWAYS_SEARCH_USER_PATHS = NO;
				CLANG_ANALYZER_NONNULL = YES;
				CLANG_ANALYZER_NUMBER_OBJECT_CONVERSION = YES_AGGRESSIVE;
				CLANG_CXX_LANGUAGE_STANDARD = "gnu++17";
				CLANG_CXX_LIBRARY = "libc++";
				CLANG_ENABLE_MODULES = YES;
				CLANG_ENABLE_OBJC_ARC = YES;
				CLANG_ENABLE_OBJC_WEAK = YES;
				CLANG_WARN_BLOCK_CAPTURE_AUTORELEASING = YES;
				CLANG_WARN_BOOL_CONVERSION = YES;
				CLANG_WARN_COMMA = YES;
				CLANG_WARN_CONSTANT_CONVERSION = YES;
				CLANG_WARN_DEPRECATED_OBJC_IMPLEMENTATIONS = YES;
				CLANG_WARN_DIRECT_OBJC_ISA_USAGE = YES_ERROR;
				CLANG_WARN_DOCUMENTATION_COMMENTS = YES;
				CLANG_WARN_EMPTY_BODY = YES;
				CLANG_WARN_ENUM_CONVERSION = YES;
				CLANG_WARN_INFINITE_RECURSION = YES;
				CLANG_WARN_INT_CONVERSION = YES;
				CLANG_WARN_NON_LITERAL_NULL_CONVERSION = YES;
				CLANG_WARN_OBJC_IMPLICIT_RETAIN_SELF = YES;
				CLANG_WARN_OBJC_LITERAL_CONVERSION = YES;
				CLANG_WARN_OBJC_ROOT_CLASS = YES_ERROR;
				CLANG_WARN_QUOTED_INCLUDE_IN_FRAMEWORK_HEADER = YES;
				CLANG_WARN_RANGE_LOOP_ANALYSIS = YES;
				CLANG_WARN_STRICT_PROTOTYPES = YES;
				CLANG_WARN_SUSPICIOUS_MOVE = YES;
				CLANG_WARN_UNGUARDED_AVAILABILITY = YES_AGGRESSIVE;
				CLANG_WARN_UNREACHABLE_CODE = YES;
				CLANG_WARN__DUPLICATE_METHOD_MATCH = YES;
				COPY_PHASE_STRIP = NO;
				DEBUG_INFORMATION_FORMAT = "dwarf-with-dsym";
				ENABLE_NS_ASSERTIONS = NO;
				ENABLE_STRICT_OBJC_MSGSEND = YES;
				GCC_C_LANGUAGE_STANDARD = gnu11;
				GCC_NO_COMMON_BLOCKS = YES;
				GCC_WARN_64_TO_32_BIT_CONVERSION = YES;
				GCC_WARN_ABOUT_RETURN_TYPE = YES_ERROR;
				GCC_WARN_UNDECLARED_SELECTOR = YES;
				GCC_WARN_UNINITIALIZED_AUTOS = YES_AGGRESSIVE;
				GCC_WARN_UNUSED_FUNCTION = YES;
				GCC_WARN_UNUSED_VARIABLE = YES;
				IPHONEOS_DEPLOYMENT_TARGET = 13.0;
				MTL_ENABLE_DEBUG_INFO = NO;
				MTL_FAST_MATH = YES;
				SDKROOT = iphoneos;
				SWIFT_COMPILATION_MODE = wholemodule;
				SWIFT_OPTIMIZATION_LEVEL = "-O";
				VALIDATE_PRODUCT = YES;
			};
			name = Release;
		};
		FEF5048E27A94C3B005A96B6 /* Debug */ = {
			isa = XCBuildConfiguration;
			baseConfigurationReference = 285ABE22F297F929D5BE7F26 /* Pods-iDeaBox.debug.xcconfig */;
			buildSettings = {
				ASSETCATALOG_COMPILER_APPICON_NAME = AppIcon;
				ASSETCATALOG_COMPILER_GLOBAL_ACCENT_COLOR_NAME = AccentColor;
				CODE_SIGN_STYLE = Automatic;
				CURRENT_PROJECT_VERSION = 1;
				DEVELOPMENT_TEAM = VCKQL6T87N;
				GENERATE_INFOPLIST_FILE = YES;
				INFOPLIST_FILE = iDeaBox/Info.plist;
				INFOPLIST_KEY_UIApplicationSupportsIndirectInputEvents = YES;
				INFOPLIST_KEY_UILaunchStoryboardName = LaunchScreen;
				INFOPLIST_KEY_UISupportedInterfaceOrientations_iPad = "UIInterfaceOrientationPortrait UIInterfaceOrientationPortraitUpsideDown UIInterfaceOrientationLandscapeLeft UIInterfaceOrientationLandscapeRight";
				INFOPLIST_KEY_UISupportedInterfaceOrientations_iPhone = "UIInterfaceOrientationPortrait UIInterfaceOrientationLandscapeLeft UIInterfaceOrientationLandscapeRight";
				IPHONEOS_DEPLOYMENT_TARGET = 13.0;
				LD_RUNPATH_SEARCH_PATHS = (
					"$(inherited)",
					"@executable_path/Frameworks",
				);
				MARKETING_VERSION = 0.0.1;
				PRODUCT_BUNDLE_IDENTIFIER = com.maxIOS.iDeaBox;
				PRODUCT_NAME = "$(TARGET_NAME)";
				SWIFT_EMIT_LOC_STRINGS = YES;
				SWIFT_VERSION = 5.0;
				TARGETED_DEVICE_FAMILY = "1,2";
			};
			name = Debug;
		};
		FEF5048F27A94C3B005A96B6 /* Release */ = {
			isa = XCBuildConfiguration;
			baseConfigurationReference = CC6BE01EB44A67577777611A /* Pods-iDeaBox.release.xcconfig */;
			buildSettings = {
				ASSETCATALOG_COMPILER_APPICON_NAME = AppIcon;
				ASSETCATALOG_COMPILER_GLOBAL_ACCENT_COLOR_NAME = AccentColor;
				CODE_SIGN_STYLE = Automatic;
				CURRENT_PROJECT_VERSION = 1;
				DEVELOPMENT_TEAM = VCKQL6T87N;
				GENERATE_INFOPLIST_FILE = YES;
				INFOPLIST_FILE = iDeaBox/Info.plist;
				INFOPLIST_KEY_UIApplicationSupportsIndirectInputEvents = YES;
				INFOPLIST_KEY_UILaunchStoryboardName = LaunchScreen;
				INFOPLIST_KEY_UISupportedInterfaceOrientations_iPad = "UIInterfaceOrientationPortrait UIInterfaceOrientationPortraitUpsideDown UIInterfaceOrientationLandscapeLeft UIInterfaceOrientationLandscapeRight";
				INFOPLIST_KEY_UISupportedInterfaceOrientations_iPhone = "UIInterfaceOrientationPortrait UIInterfaceOrientationLandscapeLeft UIInterfaceOrientationLandscapeRight";
				IPHONEOS_DEPLOYMENT_TARGET = 13.0;
				LD_RUNPATH_SEARCH_PATHS = (
					"$(inherited)",
					"@executable_path/Frameworks",
				);
				MARKETING_VERSION = 0.0.1;
				PRODUCT_BUNDLE_IDENTIFIER = com.maxIOS.iDeaBox;
				PRODUCT_NAME = "$(TARGET_NAME)";
				SWIFT_EMIT_LOC_STRINGS = YES;
				SWIFT_VERSION = 5.0;
				TARGETED_DEVICE_FAMILY = "1,2";
			};
			name = Release;
		};
/* End XCBuildConfiguration section */

/* Begin XCConfigurationList section */
		FEF5047427A94C39005A96B6 /* Build configuration list for PBXProject "iDeaBox" */ = {
			isa = XCConfigurationList;
			buildConfigurations = (
				FEF5048B27A94C3B005A96B6 /* Debug */,
				FEF5048C27A94C3B005A96B6 /* Release */,
			);
			defaultConfigurationIsVisible = 0;
			defaultConfigurationName = Release;
		};
		FEF5048D27A94C3B005A96B6 /* Build configuration list for PBXNativeTarget "iDeaBox" */ = {
			isa = XCConfigurationList;
			buildConfigurations = (
				FEF5048E27A94C3B005A96B6 /* Debug */,
				FEF5048F27A94C3B005A96B6 /* Release */,
			);
			defaultConfigurationIsVisible = 0;
			defaultConfigurationName = Release;
		};
/* End XCConfigurationList section */
	};
	rootObject = FEF5047127A94C39005A96B6 /* Project object */;
}
