// !$*UTF8*$!
{
	archiveVersion = 1;
	classes = {
	};
	objectVersion = 55;
	objects = {

/* Begin PBXBuildFile section */
		B631BE854DB2A1795D333EA0 /* Pods_iDeaBox.framework in Frameworks */ = {isa = PBXBuildFile; fileRef = B0B5EB2F0F099B009504A66D /* Pods_iDeaBox.framework */; };
		FEF5047D27A94C39005A96B6 /* AppDelegate.swift in Sources */ = {isa = PBXBuildFile; fileRef = FEF5047C27A94C39005A96B6 /* AppDelegate.swift */; };
		FEF5048127A94C39005A96B6 /* MainViewController.swift in Sources */ = {isa = PBXBuildFile; fileRef = FEF5048027A94C39005A96B6 /* MainViewController.swift */; };
		FEF5048427A94C39005A96B6 /* Main.storyboard in Resources */ = {isa = PBXBuildFile; fileRef = FEF5048227A94C39005A96B6 /* Main.storyboard */; };
		FEF5048627A94C3B005A96B6 /* Assets.xcassets in Resources */ = {isa = PBXBuildFile; fileRef = FEF5048527A94C3B005A96B6 /* Assets.xcassets */; };
		FEF5048927A94C3B005A96B6 /* LaunchScreen.storyboard in Resources */ = {isa = PBXBuildFile; fileRef = FEF5048727A94C3B005A96B6 /* LaunchScreen.storyboard */; };
		FEF504B227A96D20005A96B6 /* R.generated.swift in Sources */ = {isa = PBXBuildFile; fileRef = FEF504B127A96D20005A96B6 /* R.generated.swift */; };
/* End PBXBuildFile section */

/* Begin PBXFileReference section */
		285ABE22F297F929D5BE7F26 /* Pods-iDeaBox.debug.xcconfig */ = {isa = PBXFileReference; includeInIndex = 1; lastKnownFileType = text.xcconfig; name = "Pods-iDeaBox.debug.xcconfig"; path = "Target Support Files/Pods-iDeaBox/Pods-iDeaBox.debug.xcconfig"; sourceTree = "<group>"; };
		B0B5EB2F0F099B009504A66D /* Pods_iDeaBox.framework */ = {isa = PBXFileReference; explicitFileType = wrapper.framework; includeInIndex = 0; path = Pods_iDeaBox.framework; sourceTree = BUILT_PRODUCTS_DIR; };
		CC6BE01EB44A67577777611A /* Pods-iDeaBox.release.xcconfig */ = {isa = PBXFileReference; includeInIndex = 1; lastKnownFileType = text.xcconfig; name = "Pods-iDeaBox.release.xcconfig"; path = "Target Support Files/Pods-iDeaBox/Pods-iDeaBox.release.xcconfig"; sourceTree = "<group>"; };
		FEF5047927A94C39005A96B6 /* iDeaBox.app */ = {isa = PBXFileReference; explicitFileType = wrapper.application; includeInIndex = 0; path = iDeaBox.app; sourceTree = BUILT_PRODUCTS_DIR; };
		FEF5047C27A94C39005A96B6 /* AppDelegate.swift */ = {isa = PBXFileReference; lastKnownFileType = sourcecode.swift; path = AppDelegate.swift; sourceTree = "<group>"; };
		FEF5048027A94C39005A96B6 /* MainViewController.swift */ = {isa = PBXFileReference; lastKnownFileType = sourcecode.swift; path = MainViewController.swift; sourceTree = "<group>"; };
		FEF5048327A94C39005A96B6 /* Base */ = {isa = PBXFileReference; lastKnownFileType = file.storyboard; name = Base; path = Base.lproj/Main.storyboard; sourceTree = "<group>"; };
		FEF5048527A94C3B005A96B6 /* Assets.xcassets */ = {isa = PBXFileReference; lastKnownFileType = folder.assetcatalog; path = Assets.xcassets; sourceTree = "<group>"; };
		FEF5048827A94C3B005A96B6 /* Base */ = {isa = PBXFileReference; lastKnownFileType = file.storyboard; name = Base; path = Base.lproj/LaunchScreen.storyboard; sourceTree = "<group>"; };
		FEF5048A27A94C3B005A96B6 /* Info.plist */ = {isa = PBXFileReference; lastKnownFileType = text.plist.xml; path = Info.plist; sourceTree = "<group>"; };
		FEF504B127A96D20005A96B6 /* R.generated.swift */ = {isa = PBXFileReference; fileEncoding = 4; lastKnownFileType = sourcecode.swift; path = R.generated.swift; sourceTree = SOURCE_ROOT; };
/* End PBXFileReference section */

/* Begin PBXFrameworksBuildPhase section */
		FEF5047627A94C39005A96B6 /* Frameworks */ = {
			isa = PBXFrameworksBuildPhase;
			buildActionMask = 2147483647;
			files = (
				B631BE854DB2A1795D333EA0 /* Pods_iDeaBox.framework in Frameworks */,
			);
			runOnlyForDeploymentPostprocessing = 0;
		};
/* End PBXFrameworksBuildPhase section */

/* Begin PBXGroup section */
		3C77D65AD7A658C5D30138D1 /* Pods */ = {
			isa = PBXGroup;
			children = (
				285ABE22F297F929D5BE7F26 /* Pods-iDeaBox.debug.xcconfig */,
				CC6BE01EB44A67577777611A /* Pods-iDeaBox.release.xcconfig */,
			);
			path = Pods;
			sourceTree = "<group>";
		};
		F78A0880AA6B04F49D3B7870 /* Frameworks */ = {
			isa = PBXGroup;
			children = (
				B0B5EB2F0F099B009504A66D /* Pods_iDeaBox.framework */,
			);
			name = Frameworks;
			sourceTree = "<group>";
		};
		FEF5047027A94C39005A96B6 = {
			isa = PBXGroup;
			children = (
				FEF5047B27A94C39005A96B6 /* iDeaBox */,
				FEF5047A27A94C39005A96B6 /* Products */,
				3C77D65AD7A658C5D30138D1 /* Pods */,
				F78A0880AA6B04F49D3B7870 /* Frameworks */,
			);
			sourceTree = "<group>";
		};
		FEF5047A27A94C39005A96B6 /* Products */ = {
			isa = PBXGroup;
			children = (
				FEF5047927A94C39005A96B6 /* iDeaBox.app */,
			);
			name = Products;
			sourceTree = "<group>";
		};
		FEF5047B27A94C39005A96B6 /* iDeaBox */ = {
			isa = PBXGroup;
			children = (
				FEF504A827A96BDA005A96B6 /* Application */,
				FEF504A927A96BEE005A96B6 /* Data */,
				FEF504AA27A96BF6005A96B6 /* Domain */,
				FEF504AB27A96C00005A96B6 /* Presentation */,
				FEF504AC27A96C09005A96B6 /* Resources */,
				FEF504A527A96A36005A96B6 /* Supporting files */,
			);
			path = iDeaBox;
			sourceTree = "<group>";
		};
		FEF504A527A96A36005A96B6 /* Supporting files */ = {
			isa = PBXGroup;
			children = (
				FEF504B127A96D20005A96B6 /* R.generated.swift */,
			);
			path = "Supporting files";
			sourceTree = "<group>";
		};
		FEF504A827A96BDA005A96B6 /* Application */ = {
			isa = PBXGroup;
			children = (
				FEF5047C27A94C39005A96B6 /* AppDelegate.swift */,
			);
			path = Application;
			sourceTree = "<group>";
		};
		FEF504A927A96BEE005A96B6 /* Data */ = {
			isa = PBXGroup;
			children = (
			);
			path = Data;
			sourceTree = "<group>";
		};
		FEF504AA27A96BF6005A96B6 /* Domain */ = {
			isa = PBXGroup;
			children = (
			);
			path = Domain;
			sourceTree = "<group>";
		};
		FEF504AB27A96C00005A96B6 /* Presentation */ = {
			isa = PBXGroup;
			children = (
				FEF504AE27A96C4D005A96B6 /* Modules */,
				FEF504AD27A96C45005A96B6 /* Coordinators */,
			);
			path = Presentation;
			sourceTree = "<group>";
		};
		FEF504AC27A96C09005A96B6 /* Resources */ = {
			isa = PBXGroup;
			children = (
				FEF5048A27A94C3B005A96B6 /* Info.plist */,
				FEF5048527A94C3B005A96B6 /* Assets.xcassets */,
			);
			path = Resources;
			sourceTree = "<group>";
		};
		FEF504AD27A96C45005A96B6 /* Coordinators */ = {
			isa = PBXGroup;
			children = (
			);
			path = Coordinators;
			sourceTree = "<group>";
		};
		FEF504AE27A96C4D005A96B6 /* Modules */ = {
			isa = PBXGroup;
			children = (
				FEF504B027A96C8F005A96B6 /* Launch */,
				FEF504AF27A96C54005A96B6 /* Main */,
			);
			path = Modules;
			sourceTree = "<group>";
		};
		FEF504AF27A96C54005A96B6 /* Main */ = {
			isa = PBXGroup;
			children = (
				FEF5048227A94C39005A96B6 /* Main.storyboard */,
				FEF5048027A94C39005A96B6 /* MainViewController.swift */,
			);
			path = Main;
			sourceTree = "<group>";
		};
		FEF504B027A96C8F005A96B6 /* Launch */ = {
			isa = PBXGroup;
			children = (
				FEF5048727A94C3B005A96B6 /* LaunchScreen.storyboard */,
			);
			path = Launch;
			sourceTree = "<group>";
		};
/* End PBXGroup section */

/* Begin PBXNativeTarget section */
		FEF5047827A94C39005A96B6 /* iDeaBox */ = {
			isa = PBXNativeTarget;
			buildConfigurationList = FEF5048D27A94C3B005A96B6 /* Build configuration list for PBXNativeTarget "iDeaBox" */;
			buildPhases = (
				8B62F6B01A6C327346C31F17 /* [CP] Check Pods Manifest.lock */,
				FEF504A427A969FC005A96B6 /* ShellScript */,
				FEF5047527A94C39005A96B6 /* Sources */,
				FEF5047627A94C39005A96B6 /* Frameworks */,
				FEF5047727A94C39005A96B6 /* Resources */,
				DDBCC7552F2CF654E0FC51BA /* [CP] Embed Pods Frameworks */,
			);
			buildRules = (
			);
			dependencies = (
			);
			name = iDeaBox;
			productName = iDeaBox;
			productReference = FEF5047927A94C39005A96B6 /* iDeaBox.app */;
			productType = "com.apple.product-type.application";
		};
/* End PBXNativeTarget section */

/* Begin PBXProject section */
		FEF5047127A94C39005A96B6 /* Project object */ = {
			isa = PBXProject;
			attributes = {
				BuildIndependentTargetsInParallel = 1;
				LastSwiftUpdateCheck = 1320;
				LastUpgradeCheck = 1320;
				TargetAttributes = {
					FEF5047827A94C39005A96B6 = {
						CreatedOnToolsVersion = 13.2;
					};
				};
			};
			buildConfigurationList = FEF5047427A94C39005A96B6 /* Build configuration list for PBXProject "iDeaBox" */;
			compatibilityVersion = "Xcode 13.0";
			developmentRegion = en;
			hasScannedForEncodings = 0;
			knownRegions = (
				en,
				Base,
			);
			mainGroup = FEF5047027A94C39005A96B6;
			productRefGroup = FEF5047A27A94C39005A96B6 /* Products */;
			projectDirPath = "";
			projectRoot = "";
			targets = (
				FEF5047827A94C39005A96B6 /* iDeaBox */,
			);
		};
/* End PBXProject section */

/* Begin PBXResourcesBuildPhase section */
		FEF5047727A94C39005A96B6 /* Resources */ = {
			isa = PBXResourcesBuildPhase;
			buildActionMask = 2147483647;
			files = (
				FEF5048927A94C3B005A96B6 /* LaunchScreen.storyboard in Resources */,
				FEF5048627A94C3B005A96B6 /* Assets.xcassets in Resources */,
				FEF5048427A94C39005A96B6 /* Main.storyboard in Resources */,
			);
			runOnlyForDeploymentPostprocessing = 0;
		};
/* End PBXResourcesBuildPhase section */

/* Begin PBXShellScriptBuildPhase section */
		8B62F6B01A6C327346C31F17 /* [CP] Check Pods Manifest.lock */ = {
			isa = PBXShellScriptBuildPhase;
			buildActionMask = 2147483647;
			files = (
			);
			inputFileListPaths = (
			);
			inputPaths = (
				"${PODS_PODFILE_DIR_PATH}/Podfile.lock",
				"${PODS_ROOT}/Manifest.lock",
			);
			name = "[CP] Check Pods Manifest.lock";
			outputFileListPaths = (
			);
			outputPaths = (
				"$(DERIVED_FILE_DIR)/Pods-iDeaBox-checkManifestLockResult.txt",
			);
			runOnlyForDeploymentPostprocessing = 0;
			shellPath = /bin/sh;
			shellScript = "diff \"${PODS_PODFILE_DIR_PATH}/Podfile.lock\" \"${PODS_ROOT}/Manifest.lock\" > /dev/null\nif [ $? != 0 ] ; then\n    # print error to STDERR\n    echo \"error: The sandbox is not in sync with the Podfile.lock. Run 'pod install' or update your CocoaPods installation.\" >&2\n    exit 1\nfi\n# This output is used by Xcode 'outputs' to avoid re-running this script phase.\necho \"SUCCESS\" > \"${SCRIPT_OUTPUT_FILE_0}\"\n";
			showEnvVarsInLog = 0;
		};
		DDBCC7552F2CF654E0FC51BA /* [CP] Embed Pods Frameworks */ = {
			isa = PBXShellScriptBuildPhase;
			buildActionMask = 2147483647;
			files = (
			);
			inputFileListPaths = (
				"${PODS_ROOT}/Target Support Files/Pods-iDeaBox/Pods-iDeaBox-frameworks-${CONFIGURATION}-input-files.xcfilelist",
			);
			name = "[CP] Embed Pods Frameworks";
			outputFileListPaths = (
				"${PODS_ROOT}/Target Support Files/Pods-iDeaBox/Pods-iDeaBox-frameworks-${CONFIGURATION}-output-files.xcfilelist",
			);
			runOnlyForDeploymentPostprocessing = 0;
			shellPath = /bin/sh;
			shellScript = "\"${PODS_ROOT}/Target Support Files/Pods-iDeaBox/Pods-iDeaBox-frameworks.sh\"\n";
			showEnvVarsInLog = 0;
		};
		FEF504A427A969FC005A96B6 /* ShellScript */ = {
			isa = PBXShellScriptBuildPhase;
			alwaysOutOfDate = 1;
			buildActionMask = 2147483647;
			files = (
			);
			inputFileListPaths = (
			);
			inputPaths = (
			);
			outputFileListPaths = (
			);
			outputPaths = (
				$SRCROOT/R.generated.swift,
			);
			runOnlyForDeploymentPostprocessing = 0;
			shellPath = /bin/sh;
			shellScript = "\"$PODS_ROOT/R.swift/rswift\" generate \"$SRCROOT/R.generated.swift\"\n";
		};
/* End PBXShellScriptBuildPhase section */

/* Begin PBXSourcesBuildPhase section */
		FEF5047527A94C39005A96B6 /* Sources */ = {
			isa = PBXSourcesBuildPhase;
			buildActionMask = 2147483647;
			files = (
				FEF5048127A94C39005A96B6 /* MainViewController.swift in Sources */,
				FEF5047D27A94C39005A96B6 /* AppDelegate.swift in Sources */,
				FEF504B227A96D20005A96B6 /* R.generated.swift in Sources */,
			);
			runOnlyForDeploymentPostprocessing = 0;
		};
/* End PBXSourcesBuildPhase section */

/* Begin PBXVariantGroup section */
		FEF5048227A94C39005A96B6 /* Main.storyboard */ = {
			isa = PBXVariantGroup;
			children = (
				FEF5048327A94C39005A96B6 /* Base */,
			);
			name = Main.storyboard;
			sourceTree = "<group>";
		};
		FEF5048727A94C3B005A96B6 /* LaunchScreen.storyboard */ = {
			isa = PBXVariantGroup;
			children = (
				FEF5048827A94C3B005A96B6 /* Base */,
			);
			name = LaunchScreen.storyboard;
			sourceTree = "<group>";
		};
/* End PBXVariantGroup section */

/* Begin XCBuildConfiguration section */
		FEF5048B27A94C3B005A96B6 /* Debug */ = {
			isa = XCBuildConfiguration;
			buildSettings = {
				ALWAYS_SEARCH_USER_PATHS = NO;
				CLANG_ANALYZER_NONNULL = YES;
				CLANG_ANALYZER_NUMBER_OBJECT_CONVERSION = YES_AGGRESSIVE;
				CLANG_CXX_LANGUAGE_STANDARD = "gnu++17";
				CLANG_CXX_LIBRARY = "libc++";
				CLANG_ENABLE_MODULES = YES;
				CLANG_ENABLE_OBJC_ARC = YES;
				CLANG_ENABLE_OBJC_WEAK = YES;
				CLANG_WARN_BLOCK_CAPTURE_AUTORELEASING = YES;
				CLANG_WARN_BOOL_CONVERSION = YES;
				CLANG_WARN_COMMA = YES;
				CLANG_WARN_CONSTANT_CONVERSION = YES;
				CLANG_WARN_DEPRECATED_OBJC_IMPLEMENTATIONS = YES;
				CLANG_WARN_DIRECT_OBJC_ISA_USAGE = YES_ERROR;
				CLANG_WARN_DOCUMENTATION_COMMENTS = YES;
				CLANG_WARN_EMPTY_BODY = YES;
				CLANG_WARN_ENUM_CONVERSION = YES;
				CLANG_WARN_INFINITE_RECURSION = YES;
				CLANG_WARN_INT_CONVERSION = YES;
				CLANG_WARN_NON_LITERAL_NULL_CONVERSION = YES;
				CLANG_WARN_OBJC_IMPLICIT_RETAIN_SELF = YES;
				CLANG_WARN_OBJC_LITERAL_CONVERSION = YES;
				CLANG_WARN_OBJC_ROOT_CLASS = YES_ERROR;
				CLANG_WARN_QUOTED_INCLUDE_IN_FRAMEWORK_HEADER = YES;
				CLANG_WARN_RANGE_LOOP_ANALYSIS = YES;
				CLANG_WARN_STRICT_PROTOTYPES = YES;
				CLANG_WARN_SUSPICIOUS_MOVE = YES;
				CLANG_WARN_UNGUARDED_AVAILABILITY = YES_AGGRESSIVE;
				CLANG_WARN_UNREACHABLE_CODE = YES;
				CLANG_WARN__DUPLICATE_METHOD_MATCH = YES;
				COPY_PHASE_STRIP = NO;
				DEBUG_INFORMATION_FORMAT = dwarf;
				ENABLE_STRICT_OBJC_MSGSEND = YES;
				ENABLE_TESTABILITY = YES;
				GCC_C_LANGUAGE_STANDARD = gnu11;
				GCC_DYNAMIC_NO_PIC = NO;
				GCC_NO_COMMON_BLOCKS = YES;
				GCC_OPTIMIZATION_LEVEL = 0;
				GCC_PREPROCESSOR_DEFINITIONS = (
					"DEBUG=1",
					"$(inherited)",
				);
				GCC_WARN_64_TO_32_BIT_CONVERSION = YES;
				GCC_WARN_ABOUT_RETURN_TYPE = YES_ERROR;
				GCC_WARN_UNDECLARED_SELECTOR = YES;
				GCC_WARN_UNINITIALIZED_AUTOS = YES_AGGRESSIVE;
				GCC_WARN_UNUSED_FUNCTION = YES;
				GCC_WARN_UNUSED_VARIABLE = YES;
				IPHONEOS_DEPLOYMENT_TARGET = 13.0;
				MTL_ENABLE_DEBUG_INFO = INCLUDE_SOURCE;
				MTL_FAST_MATH = YES;
				ONLY_ACTIVE_ARCH = YES;
				SDKROOT = iphoneos;
				SWIFT_ACTIVE_COMPILATION_CONDITIONS = DEBUG;
				SWIFT_OPTIMIZATION_LEVEL = "-Onone";
			};
			name = Debug;
		};
		FEF5048C27A94C3B005A96B6 /* Release */ = {
			isa = XCBuildConfiguration;
			buildSettings = {
				ALWAYS_SEARCH_USER_PATHS = NO;
				CLANG_ANALYZER_NONNULL = YES;
				CLANG_ANALYZER_NUMBER_OBJECT_CONVERSION = YES_AGGRESSIVE;
				CLANG_CXX_LANGUAGE_STANDARD = "gnu++17";
				CLANG_CXX_LIBRARY = "libc++";
				CLANG_ENABLE_MODULES = YES;
				CLANG_ENABLE_OBJC_ARC = YES;
				CLANG_ENABLE_OBJC_WEAK = YES;
				CLANG_WARN_BLOCK_CAPTURE_AUTORELEASING = YES;
				CLANG_WARN_BOOL_CONVERSION = YES;
				CLANG_WARN_COMMA = YES;
				CLANG_WARN_CONSTANT_CONVERSION = YES;
				CLANG_WARN_DEPRECATED_OBJC_IMPLEMENTATIONS = YES;
				CLANG_WARN_DIRECT_OBJC_ISA_USAGE = YES_ERROR;
				CLANG_WARN_DOCUMENTATION_COMMENTS = YES;
				CLANG_WARN_EMPTY_BODY = YES;
				CLANG_WARN_ENUM_CONVERSION = YES;
				CLANG_WARN_INFINITE_RECURSION = YES;
				CLANG_WARN_INT_CONVERSION = YES;
				CLANG_WARN_NON_LITERAL_NULL_CONVERSION = YES;
				CLANG_WARN_OBJC_IMPLICIT_RETAIN_SELF = YES;
				CLANG_WARN_OBJC_LITERAL_CONVERSION = YES;
				CLANG_WARN_OBJC_ROOT_CLASS = YES_ERROR;
				CLANG_WARN_QUOTED_INCLUDE_IN_FRAMEWORK_HEADER = YES;
				CLANG_WARN_RANGE_LOOP_ANALYSIS = YES;
				CLANG_WARN_STRICT_PROTOTYPES = YES;
				CLANG_WARN_SUSPICIOUS_MOVE = YES;
				CLANG_WARN_UNGUARDED_AVAILABILITY = YES_AGGRESSIVE;
				CLANG_WARN_UNREACHABLE_CODE = YES;
				CLANG_WARN__DUPLICATE_METHOD_MATCH = YES;
				COPY_PHASE_STRIP = NO;
				DEBUG_INFORMATION_FORMAT = "dwarf-with-dsym";
				ENABLE_NS_ASSERTIONS = NO;
				ENABLE_STRICT_OBJC_MSGSEND = YES;
				GCC_C_LANGUAGE_STANDARD = gnu11;
				GCC_NO_COMMON_BLOCKS = YES;
				GCC_WARN_64_TO_32_BIT_CONVERSION = YES;
				GCC_WARN_ABOUT_RETURN_TYPE = YES_ERROR;
				GCC_WARN_UNDECLARED_SELECTOR = YES;
				GCC_WARN_UNINITIALIZED_AUTOS = YES_AGGRESSIVE;
				GCC_WARN_UNUSED_FUNCTION = YES;
				GCC_WARN_UNUSED_VARIABLE = YES;
				IPHONEOS_DEPLOYMENT_TARGET = 13.0;
				MTL_ENABLE_DEBUG_INFO = NO;
				MTL_FAST_MATH = YES;
				SDKROOT = iphoneos;
				SWIFT_COMPILATION_MODE = wholemodule;
				SWIFT_OPTIMIZATION_LEVEL = "-O";
				VALIDATE_PRODUCT = YES;
			};
			name = Release;
		};
		FEF5048E27A94C3B005A96B6 /* Debug */ = {
			isa = XCBuildConfiguration;
			baseConfigurationReference = 285ABE22F297F929D5BE7F26 /* Pods-iDeaBox.debug.xcconfig */;
			buildSettings = {
				ASSETCATALOG_COMPILER_APPICON_NAME = AppIcon;
				ASSETCATALOG_COMPILER_GLOBAL_ACCENT_COLOR_NAME = AccentColor;
				CODE_SIGN_STYLE = Automatic;
				CURRENT_PROJECT_VERSION = 1;
				DEVELOPMENT_TEAM = VCKQL6T87N;
				GENERATE_INFOPLIST_FILE = YES;
				INFOPLIST_FILE = iDeaBox/Info.plist;
				INFOPLIST_KEY_UIApplicationSupportsIndirectInputEvents = YES;
				INFOPLIST_KEY_UILaunchStoryboardName = LaunchScreen;
				INFOPLIST_KEY_UIMainStoryboardFile = Main;
				INFOPLIST_KEY_UISupportedInterfaceOrientations_iPad = "UIInterfaceOrientationPortrait UIInterfaceOrientationPortraitUpsideDown UIInterfaceOrientationLandscapeLeft UIInterfaceOrientationLandscapeRight";
				INFOPLIST_KEY_UISupportedInterfaceOrientations_iPhone = "UIInterfaceOrientationPortrait UIInterfaceOrientationLandscapeLeft UIInterfaceOrientationLandscapeRight";
				IPHONEOS_DEPLOYMENT_TARGET = 13.0;
				LD_RUNPATH_SEARCH_PATHS = (
					"$(inherited)",
					"@executable_path/Frameworks",
				);
				MARKETING_VERSION = 0.0.1;
				PRODUCT_BUNDLE_IDENTIFIER = com.maxIOS.iDeaBox;
				PRODUCT_NAME = "$(TARGET_NAME)";
				SWIFT_EMIT_LOC_STRINGS = YES;
				SWIFT_VERSION = 5.0;
				TARGETED_DEVICE_FAMILY = "1,2";
			};
			name = Debug;
		};
		FEF5048F27A94C3B005A96B6 /* Release */ = {
			isa = XCBuildConfiguration;
			baseConfigurationReference = CC6BE01EB44A67577777611A /* Pods-iDeaBox.release.xcconfig */;
			buildSettings = {
				ASSETCATALOG_COMPILER_APPICON_NAME = AppIcon;
				ASSETCATALOG_COMPILER_GLOBAL_ACCENT_COLOR_NAME = AccentColor;
				CODE_SIGN_STYLE = Automatic;
				CURRENT_PROJECT_VERSION = 1;
				DEVELOPMENT_TEAM = VCKQL6T87N;
				GENERATE_INFOPLIST_FILE = YES;
				INFOPLIST_FILE = iDeaBox/Info.plist;
				INFOPLIST_KEY_UIApplicationSupportsIndirectInputEvents = YES;
				INFOPLIST_KEY_UILaunchStoryboardName = LaunchScreen;
				INFOPLIST_KEY_UIMainStoryboardFile = Main;
				INFOPLIST_KEY_UISupportedInterfaceOrientations_iPad = "UIInterfaceOrientationPortrait UIInterfaceOrientationPortraitUpsideDown UIInterfaceOrientationLandscapeLeft UIInterfaceOrientationLandscapeRight";
				INFOPLIST_KEY_UISupportedInterfaceOrientations_iPhone = "UIInterfaceOrientationPortrait UIInterfaceOrientationLandscapeLeft UIInterfaceOrientationLandscapeRight";
				IPHONEOS_DEPLOYMENT_TARGET = 13.0;
				LD_RUNPATH_SEARCH_PATHS = (
					"$(inherited)",
					"@executable_path/Frameworks",
				);
				MARKETING_VERSION = 0.0.1;
				PRODUCT_BUNDLE_IDENTIFIER = com.maxIOS.iDeaBox;
				PRODUCT_NAME = "$(TARGET_NAME)";
				SWIFT_EMIT_LOC_STRINGS = YES;
				SWIFT_VERSION = 5.0;
				TARGETED_DEVICE_FAMILY = "1,2";
			};
			name = Release;
		};
/* End XCBuildConfiguration section */

/* Begin XCConfigurationList section */
		FEF5047427A94C39005A96B6 /* Build configuration list for PBXProject "iDeaBox" */ = {
			isa = XCConfigurationList;
			buildConfigurations = (
				FEF5048B27A94C3B005A96B6 /* Debug */,
				FEF5048C27A94C3B005A96B6 /* Release */,
			);
			defaultConfigurationIsVisible = 0;
			defaultConfigurationName = Release;
		};
		FEF5048D27A94C3B005A96B6 /* Build configuration list for PBXNativeTarget "iDeaBox" */ = {
			isa = XCConfigurationList;
			buildConfigurations = (
				FEF5048E27A94C3B005A96B6 /* Debug */,
				FEF5048F27A94C3B005A96B6 /* Release */,
			);
			defaultConfigurationIsVisible = 0;
			defaultConfigurationName = Release;
		};
/* End XCConfigurationList section */
	};
	rootObject = FEF5047127A94C39005A96B6 /* Project object */;
}
